
Microsoft Visual Studio Solution File, Format Version 12.00
# Visual Studio 15
VisualStudioVersion = 15.0.26124.0
MinimumVisualStudioVersion = 15.0.26124.0
Project("{2150E333-8FDC-42A3-9474-1A3956D46DE8}") = "src", "src", "{0AF20C7A-0B8C-4519-A708-1206A9024EB8}"
EndProject
Project("{FAE04EC0-301F-11D3-BF4B-00C04F79EFBC}") = "Web", "src\Web\Web.csproj", "{43316D68-397F-4302-B1D4-4E51FE03CDBA}"
EndProject
Project("{2150E333-8FDC-42A3-9474-1A3956D46DE8}") = "tests", "tests", "{523E6FE6-AE56-43AA-81F9-2BF3CAFBAAC7}"
EndProject
Project("{FAE04EC0-301F-11D3-BF4B-00C04F79EFBC}") = "FunctionalTests", "tests\FunctionalTests\FunctionalTests.csproj", "{1F1B81D2-CB5D-4AD7-9DB0-8958DD2DF9A4}"
EndProject
Project("{FAE04EC0-301F-11D3-BF4B-00C04F79EFBC}") = "IntegrationTests", "tests\IntegrationTests\IntegrationTests.csproj", "{C3F0B799-FB00-4904-AC4A-8147BCF6561B}"
EndProject
Project("{FAE04EC0-301F-11D3-BF4B-00C04F79EFBC}") = "UnitTests", "tests\UnitTests\UnitTests.csproj", "{BB79AB76-8419-4DAC-9A69-11FFAEDFC212}"
EndProject
Global
	GlobalSection(SolutionConfigurationPlatforms) = preSolution
		Debug|Any CPU = Debug|Any CPU
		Debug|x64 = Debug|x64
		Debug|x86 = Debug|x86
		Release|Any CPU = Release|Any CPU
		Release|x64 = Release|x64
		Release|x86 = Release|x86
	EndGlobalSection
	GlobalSection(SolutionProperties) = preSolution
		HideSolutionNode = FALSE
	EndGlobalSection
	GlobalSection(ProjectConfigurationPlatforms) = postSolution
		{43316D68-397F-4302-B1D4-4E51FE03CDBA}.Debug|Any CPU.ActiveCfg = Debug|Any CPU
		{43316D68-397F-4302-B1D4-4E51FE03CDBA}.Debug|Any CPU.Build.0 = Debug|Any CPU
		{43316D68-397F-4302-B1D4-4E51FE03CDBA}.Debug|x64.ActiveCfg = Debug|Any CPU
		{43316D68-397F-4302-B1D4-4E51FE03CDBA}.Debug|x64.Build.0 = Debug|Any CPU
		{43316D68-397F-4302-B1D4-4E51FE03CDBA}.Debug|x86.ActiveCfg = Debug|Any CPU
		{43316D68-397F-4302-B1D4-4E51FE03CDBA}.Debug|x86.Build.0 = Debug|Any CPU
		{43316D68-397F-4302-B1D4-4E51FE03CDBA}.Release|Any CPU.ActiveCfg = Release|Any CPU
		{43316D68-397F-4302-B1D4-4E51FE03CDBA}.Release|Any CPU.Build.0 = Release|Any CPU
		{43316D68-397F-4302-B1D4-4E51FE03CDBA}.Release|x64.ActiveCfg = Release|Any CPU
		{43316D68-397F-4302-B1D4-4E51FE03CDBA}.Release|x64.Build.0 = Release|Any CPU
		{43316D68-397F-4302-B1D4-4E51FE03CDBA}.Release|x86.ActiveCfg = Release|Any CPU
		{43316D68-397F-4302-B1D4-4E51FE03CDBA}.Release|x86.Build.0 = Release|Any CPU
		{1F1B81D2-CB5D-4AD7-9DB0-8958DD2DF9A4}.Debug|Any CPU.ActiveCfg = Debug|Any CPU
		{1F1B81D2-CB5D-4AD7-9DB0-8958DD2DF9A4}.Debug|Any CPU.Build.0 = Debug|Any CPU
		{1F1B81D2-CB5D-4AD7-9DB0-8958DD2DF9A4}.Debug|x64.ActiveCfg = Debug|Any CPU
		{1F1B81D2-CB5D-4AD7-9DB0-8958DD2DF9A4}.Debug|x64.Build.0 = Debug|Any CPU
		{1F1B81D2-CB5D-4AD7-9DB0-8958DD2DF9A4}.Debug|x86.ActiveCfg = Debug|Any CPU
		{1F1B81D2-CB5D-4AD7-9DB0-8958DD2DF9A4}.Debug|x86.Build.0 = Debug|Any CPU
		{1F1B81D2-CB5D-4AD7-9DB0-8958DD2DF9A4}.Release|Any CPU.ActiveCfg = Release|Any CPU
		{1F1B81D2-CB5D-4AD7-9DB0-8958DD2DF9A4}.Release|Any CPU.Build.0 = Release|Any CPU
		{1F1B81D2-CB5D-4AD7-9DB0-8958DD2DF9A4}.Release|x64.ActiveCfg = Release|Any CPU
		{1F1B81D2-CB5D-4AD7-9DB0-8958DD2DF9A4}.Release|x64.Build.0 = Release|Any CPU
		{1F1B81D2-CB5D-4AD7-9DB0-8958DD2DF9A4}.Release|x86.ActiveCfg = Release|Any CPU
		{1F1B81D2-CB5D-4AD7-9DB0-8958DD2DF9A4}.Release|x86.Build.0 = Release|Any CPU
		{C3F0B799-FB00-4904-AC4A-8147BCF6561B}.Debug|Any CPU.ActiveCfg = Debug|Any CPU
		{C3F0B799-FB00-4904-AC4A-8147BCF6561B}.Debug|Any CPU.Build.0 = Debug|Any CPU
		{C3F0B799-FB00-4904-AC4A-8147BCF6561B}.Debug|x64.ActiveCfg = Debug|Any CPU
		{C3F0B799-FB00-4904-AC4A-8147BCF6561B}.Debug|x64.Build.0 = Debug|Any CPU
		{C3F0B799-FB00-4904-AC4A-8147BCF6561B}.Debug|x86.ActiveCfg = Debug|Any CPU
		{C3F0B799-FB00-4904-AC4A-8147BCF6561B}.Debug|x86.Build.0 = Debug|Any CPU
		{C3F0B799-FB00-4904-AC4A-8147BCF6561B}.Release|Any CPU.ActiveCfg = Release|Any CPU
		{C3F0B799-FB00-4904-AC4A-8147BCF6561B}.Release|Any CPU.Build.0 = Release|Any CPU
		{C3F0B799-FB00-4904-AC4A-8147BCF6561B}.Release|x64.ActiveCfg = Release|Any CPU
		{C3F0B799-FB00-4904-AC4A-8147BCF6561B}.Release|x64.Build.0 = Release|Any CPU
		{C3F0B799-FB00-4904-AC4A-8147BCF6561B}.Release|x86.ActiveCfg = Release|Any CPU
		{C3F0B799-FB00-4904-AC4A-8147BCF6561B}.Release|x86.Build.0 = Release|Any CPU
		{BB79AB76-8419-4DAC-9A69-11FFAEDFC212}.Debug|Any CPU.ActiveCfg = Debug|Any CPU
		{BB79AB76-8419-4DAC-9A69-11FFAEDFC212}.Debug|Any CPU.Build.0 = Debug|Any CPU
		{BB79AB76-8419-4DAC-9A69-11FFAEDFC212}.Debug|x64.ActiveCfg = Debug|Any CPU
		{BB79AB76-8419-4DAC-9A69-11FFAEDFC212}.Debug|x64.Build.0 = Debug|Any CPU
		{BB79AB76-8419-4DAC-9A69-11FFAEDFC212}.Debug|x86.ActiveCfg = Debug|Any CPU
		{BB79AB76-8419-4DAC-9A69-11FFAEDFC212}.Debug|x86.Build.0 = Debug|Any CPU
		{BB79AB76-8419-4DAC-9A69-11FFAEDFC212}.Release|Any CPU.ActiveCfg = Release|Any CPU
		{BB79AB76-8419-4DAC-9A69-11FFAEDFC212}.Release|Any CPU.Build.0 = Release|Any CPU
		{BB79AB76-8419-4DAC-9A69-11FFAEDFC212}.Release|x64.ActiveCfg = Release|Any CPU
		{BB79AB76-8419-4DAC-9A69-11FFAEDFC212}.Release|x64.Build.0 = Release|Any CPU
		{BB79AB76-8419-4DAC-9A69-11FFAEDFC212}.Release|x86.ActiveCfg = Release|Any CPU
		{BB79AB76-8419-4DAC-9A69-11FFAEDFC212}.Release|x86.Build.0 = Release|Any CPU
	EndGlobalSection
	GlobalSection(NestedProjects) = preSolution
		{43316D68-397F-4302-B1D4-4E51FE03CDBA} = {0AF20C7A-0B8C-4519-A708-1206A9024EB8}
		{1F1B81D2-CB5D-4AD7-9DB0-8958DD2DF9A4} = {523E6FE6-AE56-43AA-81F9-2BF3CAFBAAC7}
		{C3F0B799-FB00-4904-AC4A-8147BCF6561B} = {523E6FE6-AE56-43AA-81F9-2BF3CAFBAAC7}
		{BB79AB76-8419-4DAC-9A69-11FFAEDFC212} = {523E6FE6-AE56-43AA-81F9-2BF3CAFBAAC7}
	EndGlobalSection
EndGlobal
